
Microsoft Visual Studio Solution File, Format Version 12.00
# Visual Studio Version 17
VisualStudioVersion = 17.13.35825.156 d17.13
MinimumVisualStudioVersion = 10.0.40219.1
Project("{FAE04EC0-301F-11D3-BF4B-00C04F79EFBC}") = "Examination system", "Examination system.csproj", "{67605F25-BCEF-4629-8458-F85EE11F1F64}"
EndProject
Global
	GlobalSection(SolutionConfigurationPlatforms) = preSolution
		Debug|Any CPU = Debug|Any CPU
		Release|Any CPU = Release|Any CPU
	EndGlobalSection
	GlobalSection(ProjectConfigurationPlatforms) = postSolution
		{67605F25-BCEF-4629-8458-F85EE11F1F64}.Debug|Any CPU.ActiveCfg = Debug|Any CPU
		{67605F25-BCEF-4629-8458-F85EE11F1F64}.Debug|Any CPU.Build.0 = Debug|Any CPU
		{67605F25-BCEF-4629-8458-F85EE11F1F64}.Release|Any CPU.ActiveCfg = Release|Any CPU
		{67605F25-BCEF-4629-8458-F85EE11F1F64}.Release|Any CPU.Build.0 = Release|Any CPU
	EndGlobalSection
	GlobalSection(SolutionProperties) = preSolution
		HideSolutionNode = FALSE
	EndGlobalSection
	GlobalSection(ExtensibilityGlobals) = postSolution
		SolutionGuid = {8B02F75D-248A-4672-9F60-B5614A3DA9AB}
	EndGlobalSection
EndGlobal
